
Microsoft Visual Studio Solution File, Format Version 12.00
# Visual Studio Version 17
VisualStudioVersion = 17.5.33627.172
MinimumVisualStudioVersion = 10.0.40219.1
Project("{FAE04EC0-301F-11D3-BF4B-00C04F79EFBC}") = "Flowershop_Thesis", "Flowershop_Thesis.csproj", "{EA04AF66-01B1-457F-A95E-DA5EAC0B394A}"
EndProject
Project("{54435603-DBB4-11D2-8724-00A0C9A8B90C}") = "SystemApplicationRogerAcierdaFlowershop", "..\SystemApplicationRogerAcierdaFlowershop\SystemApplicationRogerAcierdaFlowershop.vdproj", "{C9FBFE21-1FBE-447A-A36A-7716870DA387}"
EndProject
Global
	GlobalSection(SolutionConfigurationPlatforms) = preSolution
		Debug|Any CPU = Debug|Any CPU
		Release|Any CPU = Release|Any CPU
	EndGlobalSection
	GlobalSection(ProjectConfigurationPlatforms) = postSolution
		{EA04AF66-01B1-457F-A95E-DA5EAC0B394A}.Debug|Any CPU.ActiveCfg = Release|Any CPU
		{EA04AF66-01B1-457F-A95E-DA5EAC0B394A}.Debug|Any CPU.Build.0 = Release|Any CPU
		{EA04AF66-01B1-457F-A95E-DA5EAC0B394A}.Release|Any CPU.ActiveCfg = Release|Any CPU
		{EA04AF66-01B1-457F-A95E-DA5EAC0B394A}.Release|Any CPU.Build.0 = Release|Any CPU
		{C9FBFE21-1FBE-447A-A36A-7716870DA387}.Debug|Any CPU.ActiveCfg = Release
		{C9FBFE21-1FBE-447A-A36A-7716870DA387}.Release|Any CPU.ActiveCfg = Release
	EndGlobalSection
	GlobalSection(SolutionProperties) = preSolution
		HideSolutionNode = FALSE
	EndGlobalSection
	GlobalSection(ExtensibilityGlobals) = postSolution
		SolutionGuid = {9E82E52B-EF3F-471E-9531-A70C44321E5B}
	EndGlobalSection
EndGlobal
